
Microsoft Visual Studio Solution File, Format Version 12.00
# Visual Studio Version 17
VisualStudioVersion = 17.13.35828.75 d17.13
MinimumVisualStudioVersion = 10.0.40219.1
Project("{FAE04EC0-301F-11D3-BF4B-00C04F79EFBC}") = "DiscordLikeChatApp", "DiscordLikeChatApp.csproj", "{F977D365-3F46-458D-A6F7-7D29855FF2BC}"
EndProject
Global
	GlobalSection(SolutionConfigurationPlatforms) = preSolution
		Debug|Any CPU = Debug|Any CPU
		Release|Any CPU = Release|Any CPU
	EndGlobalSection
	GlobalSection(ProjectConfigurationPlatforms) = postSolution
		{F977D365-3F46-458D-A6F7-7D29855FF2BC}.Debug|Any CPU.ActiveCfg = Debug|Any CPU
		{F977D365-3F46-458D-A6F7-7D29855FF2BC}.Debug|Any CPU.Build.0 = Debug|Any CPU
		{F977D365-3F46-458D-A6F7-7D29855FF2BC}.Release|Any CPU.ActiveCfg = Release|Any CPU
		{F977D365-3F46-458D-A6F7-7D29855FF2BC}.Release|Any CPU.Build.0 = Release|Any CPU
	EndGlobalSection
	GlobalSection(SolutionProperties) = preSolution
		HideSolutionNode = FALSE
	EndGlobalSection
	GlobalSection(ExtensibilityGlobals) = postSolution
		SolutionGuid = {BBBAC8CA-D551-41A1-A421-6FE725506A0C}
	EndGlobalSection
EndGlobal
